
Microsoft Visual Studio Solution File, Format Version 12.00
# Visual Studio Version 17
VisualStudioVersion = 17.10.35027.167
MinimumVisualStudioVersion = 10.0.40219.1
Project("{9A19103F-16F7-4668-BE54-9A1E7A4F7556}") = "BKDTree", "BKDTree\BKDTree.csproj", "{9ADF4BAD-41DE-44B1-8F89-EC2C6F89D3ED}"
EndProject
Project("{FAE04EC0-301F-11D3-BF4B-00C04F79EFBC}") = "BKDTree.Test", "BKDTree.Test\BKDTree.Test.csproj", "{5E491FE8-BC0A-4A94-A273-8F7F1551C9FB}"
EndProject
Project("{FAE04EC0-301F-11D3-BF4B-00C04F79EFBC}") = "BKDTree.Benchmark", "BKDTree.Benchmark\BKDTree.Benchmark.csproj", "{56C63A36-B68A-4030-98BF-9119847A65DE}"
EndProject
Global
	GlobalSection(SolutionConfigurationPlatforms) = preSolution
		Debug|Any CPU = Debug|Any CPU
		Release|Any CPU = Release|Any CPU
	EndGlobalSection
	GlobalSection(ProjectConfigurationPlatforms) = postSolution
		{9ADF4BAD-41DE-44B1-8F89-EC2C6F89D3ED}.Debug|Any CPU.ActiveCfg = Debug|Any CPU
		{9ADF4BAD-41DE-44B1-8F89-EC2C6F89D3ED}.Debug|Any CPU.Build.0 = Debug|Any CPU
		{9ADF4BAD-41DE-44B1-8F89-EC2C6F89D3ED}.Release|Any CPU.ActiveCfg = Release|Any CPU
		{9ADF4BAD-41DE-44B1-8F89-EC2C6F89D3ED}.Release|Any CPU.Build.0 = Release|Any CPU
		{5E491FE8-BC0A-4A94-A273-8F7F1551C9FB}.Debug|Any CPU.ActiveCfg = Debug|Any CPU
		{5E491FE8-BC0A-4A94-A273-8F7F1551C9FB}.Debug|Any CPU.Build.0 = Debug|Any CPU
		{5E491FE8-BC0A-4A94-A273-8F7F1551C9FB}.Release|Any CPU.ActiveCfg = Release|Any CPU
		{5E491FE8-BC0A-4A94-A273-8F7F1551C9FB}.Release|Any CPU.Build.0 = Release|Any CPU
		{56C63A36-B68A-4030-98BF-9119847A65DE}.Debug|Any CPU.ActiveCfg = Debug|Any CPU
		{56C63A36-B68A-4030-98BF-9119847A65DE}.Debug|Any CPU.Build.0 = Debug|Any CPU
		{56C63A36-B68A-4030-98BF-9119847A65DE}.Release|Any CPU.ActiveCfg = Release|Any CPU
		{56C63A36-B68A-4030-98BF-9119847A65DE}.Release|Any CPU.Build.0 = Release|Any CPU
	EndGlobalSection
	GlobalSection(SolutionProperties) = preSolution
		HideSolutionNode = FALSE
	EndGlobalSection
EndGlobal
